
Microsoft Visual Studio Solution File, Format Version 12.00
# Visual Studio Version 17
VisualStudioVersion = 17.5.33502.453
MinimumVisualStudioVersion = 10.0.40219.1
Project("{8BC9CEB8-8B4A-11D0-8D11-00A0C91BC942}") = "Control-Work-3", "Control-Work-3.vcxproj", "{5CBE3780-6A7F-4D70-A253-7451F22B3DFF}"
EndProject
Global
	GlobalSection(SolutionConfigurationPlatforms) = preSolution
		Debug|x64 = Debug|x64
		Debug|x86 = Debug|x86
		Release|x64 = Release|x64
		Release|x86 = Release|x86
	EndGlobalSection
	GlobalSection(ProjectConfigurationPlatforms) = postSolution
		{5CBE3780-6A7F-4D70-A253-7451F22B3DFF}.Debug|x64.ActiveCfg = Debug|x64
		{5CBE3780-6A7F-4D70-A253-7451F22B3DFF}.Debug|x64.Build.0 = Debug|x64
		{5CBE3780-6A7F-4D70-A253-7451F22B3DFF}.Debug|x86.ActiveCfg = Debug|Win32
		{5CBE3780-6A7F-4D70-A253-7451F22B3DFF}.Debug|x86.Build.0 = Debug|Win32
		{5CBE3780-6A7F-4D70-A253-7451F22B3DFF}.Release|x64.ActiveCfg = Release|x64
		{5CBE3780-6A7F-4D70-A253-7451F22B3DFF}.Release|x64.Build.0 = Release|x64
		{5CBE3780-6A7F-4D70-A253-7451F22B3DFF}.Release|x86.ActiveCfg = Release|Win32
		{5CBE3780-6A7F-4D70-A253-7451F22B3DFF}.Release|x86.Build.0 = Release|Win32
	EndGlobalSection
	GlobalSection(SolutionProperties) = preSolution
		HideSolutionNode = FALSE
	EndGlobalSection
	GlobalSection(ExtensibilityGlobals) = postSolution
		SolutionGuid = {ABA64B04-F25E-43DA-B37F-0B5ABDC0181E}
	EndGlobalSection
EndGlobal
